
Microsoft Visual Studio Solution File, Format Version 12.00
# Visual Studio Version 17
VisualStudioVersion = 17.3.32929.385
MinimumVisualStudioVersion = 10.0.40219.1
Project("{8BC9CEB8-8B4A-11D0-8D11-00A0C91BC942}") = "SoloLevelling", "SoloLevelling.vcxproj", "{41503935-0CD8-44F5-BD2C-3A4F46E0D197}"
EndProject
Global
	GlobalSection(SolutionConfigurationPlatforms) = preSolution
		Release|x64 = Release|x64
	EndGlobalSection
	GlobalSection(ProjectConfigurationPlatforms) = postSolution
		{41503935-0CD8-44F5-BD2C-3A4F46E0D197}.Release|x64.ActiveCfg = Release|x64
		{41503935-0CD8-44F5-BD2C-3A4F46E0D197}.Release|x64.Build.0 = Release|x64
	EndGlobalSection
	GlobalSection(SolutionProperties) = preSolution
		HideSolutionNode = FALSE
	EndGlobalSection
	GlobalSection(ExtensibilityGlobals) = postSolution
		SolutionGuid = {75D032EF-1FF7-434C-B3C1-4C9D1286A223}
	EndGlobalSection
EndGlobal
